
Microsoft Visual Studio Solution File, Format Version 12.00
# Visual Studio Version 16
VisualStudioVersion = 16.0.31205.134
MinimumVisualStudioVersion = 10.0.40219.1
Project("{9A19103F-16F7-4668-BE54-9A1E7A4F7556}") = "GraphTutorial", "GraphTutorial.csproj", "{1F617775-B18B-45C5-B15E-91E231BCB3EB}"
EndProject
Global
	GlobalSection(SolutionConfigurationPlatforms) = preSolution
		Debug|Any CPU = Debug|Any CPU
		Release|Any CPU = Release|Any CPU
	EndGlobalSection
	GlobalSection(ProjectConfigurationPlatforms) = postSolution
		{1F617775-B18B-45C5-B15E-91E231BCB3EB}.Debug|Any CPU.ActiveCfg = Debug|Any CPU
		{1F617775-B18B-45C5-B15E-91E231BCB3EB}.Debug|Any CPU.Build.0 = Debug|Any CPU
		{1F617775-B18B-45C5-B15E-91E231BCB3EB}.Release|Any CPU.ActiveCfg = Release|Any CPU
		{1F617775-B18B-45C5-B15E-91E231BCB3EB}.Release|Any CPU.Build.0 = Release|Any CPU
	EndGlobalSection
	GlobalSection(SolutionProperties) = preSolution
		HideSolutionNode = FALSE
	EndGlobalSection
	GlobalSection(ExtensibilityGlobals) = postSolution
		SolutionGuid = {47FE61F6-529B-41B3-8BBC-3CB9E5D6FF06}
	EndGlobalSection
EndGlobal
